// !$*UTF8*$!
{
	archiveVersion = 1;
	classes = {
	};
	objectVersion = 46;
	objects = {

/* Begin PBXBuildFile section */
		501BF0891CEE556F001C111E /* result.swift in Sources */ = {isa = PBXBuildFile; fileRef = 501BF0881CEE556F001C111E /* result.swift */; };
		503B124C1CECFEF600C1AFAD /* Main.storyboard in Resources */ = {isa = PBXBuildFile; fileRef = 503B124A1CECFEF600C1AFAD /* Main.storyboard */; };
		5062E4E31CF4DCA000B60E98 /* apiResult.swift in Sources */ = {isa = PBXBuildFile; fileRef = 5062E4E21CF4DCA000B60E98 /* apiResult.swift */; };
		5062E4E51CF4E41500B60E98 /* PVController.swift in Sources */ = {isa = PBXBuildFile; fileRef = 5062E4E41CF4E41500B60E98 /* PVController.swift */; };
		509CEE8C1CF74C57007E1250 /* carModel.swift in Sources */ = {isa = PBXBuildFile; fileRef = 509CEE8B1CF74C57007E1250 /* carModel.swift */; };
		50AF94D11CEB720000C31489 /* AppDelegate.swift in Sources */ = {isa = PBXBuildFile; fileRef = 50AF94D01CEB720000C31489 /* AppDelegate.swift */; };
		50AF94D31CEB720000C31489 /* ViewController.swift in Sources */ = {isa = PBXBuildFile; fileRef = 50AF94D21CEB720000C31489 /* ViewController.swift */; };
		50AF94D81CEB720000C31489 /* Assets.xcassets in Resources */ = {isa = PBXBuildFile; fileRef = 50AF94D71CEB720000C31489 /* Assets.xcassets */; };
		50AF94DB1CEB720000C31489 /* LaunchScreen.storyboard in Resources */ = {isa = PBXBuildFile; fileRef = 50AF94D91CEB720000C31489 /* LaunchScreen.storyboard */; };
		50B42BD31CECAD2600D8C539 /* form_page.swift in Sources */ = {isa = PBXBuildFile; fileRef = 50B42BD21CECAD2600D8C539 /* form_page.swift */; };
		50CD2C831CEF85EC00CAEC35 /* PVclassViewController.swift in Sources */ = {isa = PBXBuildFile; fileRef = 50CD2C821CEF85EC00CAEC35 /* PVclassViewController.swift */; };
/* End PBXBuildFile section */

/* Begin PBXFileReference section */
		501BF0881CEE556F001C111E /* result.swift */ = {isa = PBXFileReference; fileEncoding = 4; lastKnownFileType = sourcecode.swift; path = result.swift; sourceTree = "<group>"; };
		503B124B1CECFEF600C1AFAD /* Base */ = {isa = PBXFileReference; lastKnownFileType = file.storyboard; name = Base; path = Base.lproj/Main.storyboard; sourceTree = "<group>"; };
		5062E4E21CF4DCA000B60E98 /* apiResult.swift */ = {isa = PBXFileReference; fileEncoding = 4; lastKnownFileType = sourcecode.swift; name = apiResult.swift; path = ../apiResult.swift; sourceTree = "<group>"; };
		5062E4E41CF4E41500B60E98 /* PVController.swift */ = {isa = PBXFileReference; fileEncoding = 4; lastKnownFileType = sourcecode.swift; name = PVController.swift; path = ../PVController.swift; sourceTree = "<group>"; };
		509CEE8B1CF74C57007E1250 /* carModel.swift */ = {isa = PBXFileReference; fileEncoding = 4; lastKnownFileType = sourcecode.swift; name = carModel.swift; path = ../carModel.swift; sourceTree = "<group>"; };
		50AF94CD1CEB720000C31489 /* Cars.ios.app */ = {isa = PBXFileReference; explicitFileType = wrapper.application; includeInIndex = 0; path = Cars.ios.app; sourceTree = BUILT_PRODUCTS_DIR; };
		50AF94D01CEB720000C31489 /* AppDelegate.swift */ = {isa = PBXFileReference; lastKnownFileType = sourcecode.swift; path = AppDelegate.swift; sourceTree = "<group>"; };
		50AF94D21CEB720000C31489 /* ViewController.swift */ = {isa = PBXFileReference; lastKnownFileType = sourcecode.swift; path = ViewController.swift; sourceTree = "<group>"; };
		50AF94D71CEB720000C31489 /* Assets.xcassets */ = {isa = PBXFileReference; lastKnownFileType = folder.assetcatalog; path = Assets.xcassets; sourceTree = "<group>"; };
		50AF94DA1CEB720000C31489 /* Base */ = {isa = PBXFileReference; lastKnownFileType = file.storyboard; name = Base; path = Base.lproj/LaunchScreen.storyboard; sourceTree = "<group>"; };
		50AF94DC1CEB720000C31489 /* Info.plist */ = {isa = PBXFileReference; lastKnownFileType = text.plist.xml; path = Info.plist; sourceTree = "<group>"; };
		50B42BD21CECAD2600D8C539 /* form_page.swift */ = {isa = PBXFileReference; fileEncoding = 4; lastKnownFileType = sourcecode.swift; path = form_page.swift; sourceTree = "<group>"; };
		50CD2C821CEF85EC00CAEC35 /* PVclassViewController.swift */ = {isa = PBXFileReference; fileEncoding = 4; lastKnownFileType = sourcecode.swift; path = PVclassViewController.swift; sourceTree = "<group>"; };
/* End PBXFileReference section */

/* Begin PBXFrameworksBuildPhase section */
		50AF94CA1CEB720000C31489 /* Frameworks */ = {
			isa = PBXFrameworksBuildPhase;
			buildActionMask = 2147483647;
			files = (
			);
			runOnlyForDeploymentPostprocessing = 0;
		};
/* End PBXFrameworksBuildPhase section */

/* Begin PBXGroup section */
		50AF94C41CEB720000C31489 = {
			isa = PBXGroup;
			children = (
				50CD2C821CEF85EC00CAEC35 /* PVclassViewController.swift */,
				50AF94CF1CEB720000C31489 /* essentre contre électricité */,
				50AF94CE1CEB720000C31489 /* Products */,
			);
			sourceTree = "<group>";
		};
		50AF94CE1CEB720000C31489 /* Products */ = {
			isa = PBXGroup;
			children = (
				50AF94CD1CEB720000C31489 /* Cars.ios.app */,
			);
			name = Products;
			sourceTree = "<group>";
		};
		50AF94CF1CEB720000C31489 /* essentre contre électricité */ = {
			isa = PBXGroup;
			children = (
				509CEE8B1CF74C57007E1250 /* carModel.swift */,
				5062E4E41CF4E41500B60E98 /* PVController.swift */,
				5062E4E21CF4DCA000B60E98 /* apiResult.swift */,
				503B124A1CECFEF600C1AFAD /* Main.storyboard */,
				50AF94D01CEB720000C31489 /* AppDelegate.swift */,
				50AF94D21CEB720000C31489 /* ViewController.swift */,
				50B42BD21CECAD2600D8C539 /* form_page.swift */,
				501BF0881CEE556F001C111E /* result.swift */,
				50AF94D71CEB720000C31489 /* Assets.xcassets */,
				50AF94D91CEB720000C31489 /* LaunchScreen.storyboard */,
				50AF94DC1CEB720000C31489 /* Info.plist */,
			);
			path = "essentre contre électricité";
			sourceTree = "<group>";
		};
/* End PBXGroup section */

/* Begin PBXNativeTarget section */
		50AF94CC1CEB720000C31489 /* Cars.ios */ = {
			isa = PBXNativeTarget;
			buildConfigurationList = 50AF94DF1CEB720000C31489 /* Build configuration list for PBXNativeTarget "Cars.ios" */;
			buildPhases = (
				50AF94C91CEB720000C31489 /* Sources */,
				50AF94CA1CEB720000C31489 /* Frameworks */,
				50AF94CB1CEB720000C31489 /* Resources */,
			);
			buildRules = (
			);
			dependencies = (
			);
			name = Cars.ios;
			productName = "essentre contre électricité";
			productReference = 50AF94CD1CEB720000C31489 /* Cars.ios.app */;
			productType = "com.apple.product-type.application";
		};
/* End PBXNativeTarget section */

/* Begin PBXProject section */
		50AF94C51CEB720000C31489 /* Project object */ = {
			isa = PBXProject;
			attributes = {
				LastSwiftUpdateCheck = 0730;
				LastUpgradeCheck = 0730;
				ORGANIZATIONNAME = Analystik;
				TargetAttributes = {
					50AF94CC1CEB720000C31489 = {
						CreatedOnToolsVersion = 7.3.1;
						DevelopmentTeam = XK53UF62FS;
					};
				};
			};
			buildConfigurationList = 50AF94C81CEB720000C31489 /* Build configuration list for PBXProject "Cars.ios" */;
			compatibilityVersion = "Xcode 3.2";
			developmentRegion = English;
			hasScannedForEncodings = 0;
			knownRegions = (
				en,
				Base,
			);
			mainGroup = 50AF94C41CEB720000C31489;
			productRefGroup = 50AF94CE1CEB720000C31489 /* Products */;
			projectDirPath = "";
			projectRoot = "";
			targets = (
				50AF94CC1CEB720000C31489 /* Cars.ios */,
			);
		};
/* End PBXProject section */

/* Begin PBXResourcesBuildPhase section */
		50AF94CB1CEB720000C31489 /* Resources */ = {
			isa = PBXResourcesBuildPhase;
			buildActionMask = 2147483647;
			files = (
				503B124C1CECFEF600C1AFAD /* Main.storyboard in Resources */,
				50AF94DB1CEB720000C31489 /* LaunchScreen.storyboard in Resources */,
				50AF94D81CEB720000C31489 /* Assets.xcassets in Resources */,
			);
			runOnlyForDeploymentPostprocessing = 0;
		};
/* End PBXResourcesBuildPhase section */

/* Begin PBXSourcesBuildPhase section */
		50AF94C91CEB720000C31489 /* Sources */ = {
			isa = PBXSourcesBuildPhase;
			buildActionMask = 2147483647;
			files = (
				509CEE8C1CF74C57007E1250 /* carModel.swift in Sources */,
				50CD2C831CEF85EC00CAEC35 /* PVclassViewController.swift in Sources */,
				5062E4E31CF4DCA000B60E98 /* apiResult.swift in Sources */,
				50B42BD31CECAD2600D8C539 /* form_page.swift in Sources */,
				50AF94D31CEB720000C31489 /* ViewController.swift in Sources */,
				501BF0891CEE556F001C111E /* result.swift in Sources */,
				50AF94D11CEB720000C31489 /* AppDelegate.swift in Sources */,
				5062E4E51CF4E41500B60E98 /* PVController.swift in Sources */,
			);
			runOnlyForDeploymentPostprocessing = 0;
		};
/* End PBXSourcesBuildPhase section */

/* Begin PBXVariantGroup section */
		503B124A1CECFEF600C1AFAD /* Main.storyboard */ = {
			isa = PBXVariantGroup;
			children = (
				503B124B1CECFEF600C1AFAD /* Base */,
			);
			name = Main.storyboard;
			sourceTree = "<group>";
		};
		50AF94D91CEB720000C31489 /* LaunchScreen.storyboard */ = {
			isa = PBXVariantGroup;
			children = (
				50AF94DA1CEB720000C31489 /* Base */,
			);
			name = LaunchScreen.storyboard;
			sourceTree = "<group>";
		};
/* End PBXVariantGroup section */

/* Begin XCBuildConfiguration section */
		50AF94DD1CEB720000C31489 /* Debug */ = {
			isa = XCBuildConfiguration;
			buildSettings = {
				ALWAYS_SEARCH_USER_PATHS = NO;
				CLANG_ANALYZER_NONNULL = YES;
				CLANG_CXX_LANGUAGE_STANDARD = "gnu++0x";
				CLANG_CXX_LIBRARY = "libc++";
				CLANG_ENABLE_MODULES = YES;
				CLANG_ENABLE_OBJC_ARC = YES;
				CLANG_WARN_BOOL_CONVERSION = YES;
				CLANG_WARN_CONSTANT_CONVERSION = YES;
				CLANG_WARN_DIRECT_OBJC_ISA_USAGE = YES_ERROR;
				CLANG_WARN_EMPTY_BODY = YES;
				CLANG_WARN_ENUM_CONVERSION = YES;
				CLANG_WARN_INT_CONVERSION = YES;
				CLANG_WARN_OBJC_ROOT_CLASS = YES_ERROR;
				CLANG_WARN_UNREACHABLE_CODE = YES;
				CLANG_WARN__DUPLICATE_METHOD_MATCH = YES;
				"CODE_SIGN_IDENTITY[sdk=iphoneos*]" = "iPhone Developer";
				COPY_PHASE_STRIP = NO;
				DEBUG_INFORMATION_FORMAT = dwarf;
				ENABLE_STRICT_OBJC_MSGSEND = YES;
				ENABLE_TESTABILITY = YES;
				GCC_C_LANGUAGE_STANDARD = gnu99;
				GCC_DYNAMIC_NO_PIC = NO;
				GCC_NO_COMMON_BLOCKS = YES;
				GCC_OPTIMIZATION_LEVEL = 0;
				GCC_PREPROCESSOR_DEFINITIONS = (
					"DEBUG=1",
					"$(inherited)",
				);
				GCC_WARN_64_TO_32_BIT_CONVERSION = YES;
				GCC_WARN_ABOUT_RETURN_TYPE = YES_ERROR;
				GCC_WARN_UNDECLARED_SELECTOR = YES;
				GCC_WARN_UNINITIALIZED_AUTOS = YES_AGGRESSIVE;
				GCC_WARN_UNUSED_FUNCTION = YES;
				GCC_WARN_UNUSED_VARIABLE = YES;
				IPHONEOS_DEPLOYMENT_TARGET = 9.3;
				MTL_ENABLE_DEBUG_INFO = YES;
				ONLY_ACTIVE_ARCH = YES;
				SDKROOT = iphoneos;
				SWIFT_OPTIMIZATION_LEVEL = "-Onone";
			};
			name = Debug;
		};
		50AF94DE1CEB720000C31489 /* Release */ = {
			isa = XCBuildConfiguration;
			buildSettings = {
				ALWAYS_SEARCH_USER_PATHS = NO;
				CLANG_ANALYZER_NONNULL = YES;
				CLANG_CXX_LANGUAGE_STANDARD = "gnu++0x";
				CLANG_CXX_LIBRARY = "libc++";
				CLANG_ENABLE_MODULES = YES;
				CLANG_ENABLE_OBJC_ARC = YES;
				CLANG_WARN_BOOL_CONVERSION = YES;
				CLANG_WARN_CONSTANT_CONVERSION = YES;
				CLANG_WARN_DIRECT_OBJC_ISA_USAGE = YES_ERROR;
				CLANG_WARN_EMPTY_BODY = YES;
				CLANG_WARN_ENUM_CONVERSION = YES;
				CLANG_WARN_INT_CONVERSION = YES;
				CLANG_WARN_OBJC_ROOT_CLASS = YES_ERROR;
				CLANG_WARN_UNREACHABLE_CODE = YES;
				CLANG_WARN__DUPLICATE_METHOD_MATCH = YES;
				"CODE_SIGN_IDENTITY[sdk=iphoneos*]" = "iPhone Developer";
				COPY_PHASE_STRIP = NO;
				DEBUG_INFORMATION_FORMAT = "dwarf-with-dsym";
				ENABLE_NS_ASSERTIONS = NO;
				ENABLE_STRICT_OBJC_MSGSEND = YES;
				GCC_C_LANGUAGE_STANDARD = gnu99;
				GCC_NO_COMMON_BLOCKS = YES;
				GCC_WARN_64_TO_32_BIT_CONVERSION = YES;
				GCC_WARN_ABOUT_RETURN_TYPE = YES_ERROR;
				GCC_WARN_UNDECLARED_SELECTOR = YES;
				GCC_WARN_UNINITIALIZED_AUTOS = YES_AGGRESSIVE;
				GCC_WARN_UNUSED_FUNCTION = YES;
				GCC_WARN_UNUSED_VARIABLE = YES;
				IPHONEOS_DEPLOYMENT_TARGET = 9.3;
				MTL_ENABLE_DEBUG_INFO = NO;
				SDKROOT = iphoneos;
				VALIDATE_PRODUCT = YES;
			};
			name = Release;
		};
		50AF94E01CEB720000C31489 /* Debug */ = {
			isa = XCBuildConfiguration;
			buildSettings = {
				ASSETCATALOG_COMPILER_APPICON_NAME = AppIcon;
				INFOPLIST_FILE = "essentre contre électricité/Info.plist";
				LD_RUNPATH_SEARCH_PATHS = "$(inherited) @executable_path/Frameworks";
				PRODUCT_BUNDLE_IDENTIFIER = "ca.analystik.essentre-contre-e-lectricite-";
				PRODUCT_NAME = Cars.ios;
			};
			name = Debug;
		};
		50AF94E11CEB720000C31489 /* Release */ = {
			isa = XCBuildConfiguration;
			buildSettings = {
				ASSETCATALOG_COMPILER_APPICON_NAME = AppIcon;
				INFOPLIST_FILE = "essentre contre électricité/Info.plist";
				LD_RUNPATH_SEARCH_PATHS = "$(inherited) @executable_path/Frameworks";
				PRODUCT_BUNDLE_IDENTIFIER = "ca.analystik.essentre-contre-e-lectricite-";
				PRODUCT_NAME = Cars.ios;
			};
			name = Release;
		};
/* End XCBuildConfiguration section */

/* Begin XCConfigurationList section */
		50AF94C81CEB720000C31489 /* Build configuration list for PBXProject "Cars.ios" */ = {
			isa = XCConfigurationList;
			buildConfigurations = (
				50AF94DD1CEB720000C31489 /* Debug */,
				50AF94DE1CEB720000C31489 /* Release */,
			);
			defaultConfigurationIsVisible = 0;
			defaultConfigurationName = Release;
		};
		50AF94DF1CEB720000C31489 /* Build configuration list for PBXNativeTarget "Cars.ios" */ = {
			isa = XCConfigurationList;
			buildConfigurations = (
				50AF94E01CEB720000C31489 /* Debug */,
				50AF94E11CEB720000C31489 /* Release */,
			);
			defaultConfigurationIsVisible = 0;
			defaultConfigurationName = Release;
		};
/* End XCConfigurationList section */
	};
	rootObject = 50AF94C51CEB720000C31489 /* Project object */;
}
